// !$*UTF8*$!
{
	archiveVersion = 1;
	classes = {
	};
	objectVersion = 46;
	objects = {

/* Begin PBXBuildFile section */
		650D5B2719CAB5B2002EDA63 /* main.m in Sources */ = {isa = PBXBuildFile; fileRef = 650D5B2619CAB5B2002EDA63 /* main.m */; };
		650D5B2A19CAB5B2002EDA63 /* AppDelegate.m in Sources */ = {isa = PBXBuildFile; fileRef = 650D5B2919CAB5B2002EDA63 /* AppDelegate.m */; };
		650D5B2D19CAB5B2002EDA63 /* GameScene.m in Sources */ = {isa = PBXBuildFile; fileRef = 650D5B2C19CAB5B2002EDA63 /* GameScene.m */; };
		650D5B2F19CAB5B2002EDA63 /* GameScene.sks in Resources */ = {isa = PBXBuildFile; fileRef = 650D5B2E19CAB5B2002EDA63 /* GameScene.sks */; };
		650D5B3219CAB5B2002EDA63 /* GameViewController.m in Sources */ = {isa = PBXBuildFile; fileRef = 650D5B3119CAB5B2002EDA63 /* GameViewController.m */; };
		650D5B3519CAB5B2002EDA63 /* Main.storyboard in Resources */ = {isa = PBXBuildFile; fileRef = 650D5B3319CAB5B2002EDA63 /* Main.storyboard */; };
		650D5B3719CAB5B2002EDA63 /* Images.xcassets in Resources */ = {isa = PBXBuildFile; fileRef = 650D5B3619CAB5B2002EDA63 /* Images.xcassets */; };
		650D5B3A19CAB5B2002EDA63 /* LaunchScreen.xib in Resources */ = {isa = PBXBuildFile; fileRef = 650D5B3819CAB5B2002EDA63 /* LaunchScreen.xib */; };
		650D5B4619CAB5B2002EDA63 /* BigBangTests.m in Sources */ = {isa = PBXBuildFile; fileRef = 650D5B4519CAB5B2002EDA63 /* BigBangTests.m */; };
/* End PBXBuildFile section */

/* Begin PBXContainerItemProxy section */
		650D5B4019CAB5B2002EDA63 /* PBXContainerItemProxy */ = {
			isa = PBXContainerItemProxy;
			containerPortal = 650D5B1919CAB5B2002EDA63 /* Project object */;
			proxyType = 1;
			remoteGlobalIDString = 650D5B2019CAB5B2002EDA63;
			remoteInfo = BigBang;
		};
/* End PBXContainerItemProxy section */

/* Begin PBXFileReference section */
		650D5B2119CAB5B2002EDA63 /* BigBang.app */ = {isa = PBXFileReference; explicitFileType = wrapper.application; includeInIndex = 0; path = BigBang.app; sourceTree = BUILT_PRODUCTS_DIR; };
		650D5B2519CAB5B2002EDA63 /* Info.plist */ = {isa = PBXFileReference; lastKnownFileType = text.plist.xml; path = Info.plist; sourceTree = "<group>"; };
		650D5B2619CAB5B2002EDA63 /* main.m */ = {isa = PBXFileReference; lastKnownFileType = sourcecode.c.objc; path = main.m; sourceTree = "<group>"; };
		650D5B2819CAB5B2002EDA63 /* AppDelegate.h */ = {isa = PBXFileReference; lastKnownFileType = sourcecode.c.h; path = AppDelegate.h; sourceTree = "<group>"; };
		650D5B2919CAB5B2002EDA63 /* AppDelegate.m */ = {isa = PBXFileReference; lastKnownFileType = sourcecode.c.objc; path = AppDelegate.m; sourceTree = "<group>"; };
		650D5B2B19CAB5B2002EDA63 /* GameScene.h */ = {isa = PBXFileReference; lastKnownFileType = sourcecode.c.h; path = GameScene.h; sourceTree = "<group>"; };
		650D5B2C19CAB5B2002EDA63 /* GameScene.m */ = {isa = PBXFileReference; lastKnownFileType = sourcecode.c.objc; path = GameScene.m; sourceTree = "<group>"; };
		650D5B2E19CAB5B2002EDA63 /* GameScene.sks */ = {isa = PBXFileReference; lastKnownFileType = file.sks; path = GameScene.sks; sourceTree = "<group>"; };
		650D5B3019CAB5B2002EDA63 /* GameViewController.h */ = {isa = PBXFileReference; lastKnownFileType = sourcecode.c.h; path = GameViewController.h; sourceTree = "<group>"; };
		650D5B3119CAB5B2002EDA63 /* GameViewController.m */ = {isa = PBXFileReference; lastKnownFileType = sourcecode.c.objc; path = GameViewController.m; sourceTree = "<group>"; };
		650D5B3419CAB5B2002EDA63 /* Base */ = {isa = PBXFileReference; lastKnownFileType = file.storyboard; name = Base; path = Base.lproj/Main.storyboard; sourceTree = "<group>"; };
		650D5B3619CAB5B2002EDA63 /* Images.xcassets */ = {isa = PBXFileReference; lastKnownFileType = folder.assetcatalog; path = Images.xcassets; sourceTree = "<group>"; };
		650D5B3919CAB5B2002EDA63 /* Base */ = {isa = PBXFileReference; lastKnownFileType = file.xib; name = Base; path = Base.lproj/LaunchScreen.xib; sourceTree = "<group>"; };
		650D5B3F19CAB5B2002EDA63 /* BigBangTests.xctest */ = {isa = PBXFileReference; explicitFileType = wrapper.cfbundle; includeInIndex = 0; path = BigBangTests.xctest; sourceTree = BUILT_PRODUCTS_DIR; };
		650D5B4419CAB5B2002EDA63 /* Info.plist */ = {isa = PBXFileReference; lastKnownFileType = text.plist.xml; path = Info.plist; sourceTree = "<group>"; };
		650D5B4519CAB5B2002EDA63 /* BigBangTests.m */ = {isa = PBXFileReference; lastKnownFileType = sourcecode.c.objc; path = BigBangTests.m; sourceTree = "<group>"; };
/* End PBXFileReference section */

/* Begin PBXFrameworksBuildPhase section */
		650D5B1E19CAB5B2002EDA63 /* Frameworks */ = {
			isa = PBXFrameworksBuildPhase;
			buildActionMask = 2147483647;
			files = (
			);
			runOnlyForDeploymentPostprocessing = 0;
		};
		650D5B3C19CAB5B2002EDA63 /* Frameworks */ = {
			isa = PBXFrameworksBuildPhase;
			buildActionMask = 2147483647;
			files = (
			);
			runOnlyForDeploymentPostprocessing = 0;
		};
/* End PBXFrameworksBuildPhase section */

/* Begin PBXGroup section */
		650D5B1819CAB5B2002EDA63 = {
			isa = PBXGroup;
			children = (
				650D5B2319CAB5B2002EDA63 /* BigBang */,
				650D5B4219CAB5B2002EDA63 /* BigBangTests */,
				650D5B2219CAB5B2002EDA63 /* Products */,
			);
			sourceTree = "<group>";
		};
		650D5B2219CAB5B2002EDA63 /* Products */ = {
			isa = PBXGroup;
			children = (
				650D5B2119CAB5B2002EDA63 /* BigBang.app */,
				650D5B3F19CAB5B2002EDA63 /* BigBangTests.xctest */,
			);
			name = Products;
			sourceTree = "<group>";
		};
		650D5B2319CAB5B2002EDA63 /* BigBang */ = {
			isa = PBXGroup;
			children = (
				650D5B2819CAB5B2002EDA63 /* AppDelegate.h */,
				650D5B2919CAB5B2002EDA63 /* AppDelegate.m */,
				650D5B2B19CAB5B2002EDA63 /* GameScene.h */,
				650D5B2C19CAB5B2002EDA63 /* GameScene.m */,
				650D5B2E19CAB5B2002EDA63 /* GameScene.sks */,
				650D5B3019CAB5B2002EDA63 /* GameViewController.h */,
				650D5B3119CAB5B2002EDA63 /* GameViewController.m */,
				650D5B3319CAB5B2002EDA63 /* Main.storyboard */,
				650D5B3619CAB5B2002EDA63 /* Images.xcassets */,
				650D5B3819CAB5B2002EDA63 /* LaunchScreen.xib */,
				650D5B2419CAB5B2002EDA63 /* Supporting Files */,
			);
			path = BigBang;
			sourceTree = "<group>";
		};
		650D5B2419CAB5B2002EDA63 /* Supporting Files */ = {
			isa = PBXGroup;
			children = (
				650D5B2519CAB5B2002EDA63 /* Info.plist */,
				650D5B2619CAB5B2002EDA63 /* main.m */,
			);
			name = "Supporting Files";
			sourceTree = "<group>";
		};
		650D5B4219CAB5B2002EDA63 /* BigBangTests */ = {
			isa = PBXGroup;
			children = (
				650D5B4519CAB5B2002EDA63 /* BigBangTests.m */,
				650D5B4319CAB5B2002EDA63 /* Supporting Files */,
			);
			path = BigBangTests;
			sourceTree = "<group>";
		};
		650D5B4319CAB5B2002EDA63 /* Supporting Files */ = {
			isa = PBXGroup;
			children = (
				650D5B4419CAB5B2002EDA63 /* Info.plist */,
			);
			name = "Supporting Files";
			sourceTree = "<group>";
		};
/* End PBXGroup section */

/* Begin PBXNativeTarget section */
		650D5B2019CAB5B2002EDA63 /* BigBang */ = {
			isa = PBXNativeTarget;
			buildConfigurationList = 650D5B4919CAB5B2002EDA63 /* Build configuration list for PBXNativeTarget "BigBang" */;
			buildPhases = (
				650D5B1D19CAB5B2002EDA63 /* Sources */,
				650D5B1E19CAB5B2002EDA63 /* Frameworks */,
				650D5B1F19CAB5B2002EDA63 /* Resources */,
			);
			buildRules = (
			);
			dependencies = (
			);
			name = BigBang;
			productName = BigBang;
			productReference = 650D5B2119CAB5B2002EDA63 /* BigBang.app */;
			productType = "com.apple.product-type.application";
		};
		650D5B3E19CAB5B2002EDA63 /* BigBangTests */ = {
			isa = PBXNativeTarget;
			buildConfigurationList = 650D5B4C19CAB5B2002EDA63 /* Build configuration list for PBXNativeTarget "BigBangTests" */;
			buildPhases = (
				650D5B3B19CAB5B2002EDA63 /* Sources */,
				650D5B3C19CAB5B2002EDA63 /* Frameworks */,
				650D5B3D19CAB5B2002EDA63 /* Resources */,
			);
			buildRules = (
			);
			dependencies = (
				650D5B4119CAB5B2002EDA63 /* PBXTargetDependency */,
			);
			name = BigBangTests;
			productName = BigBangTests;
			productReference = 650D5B3F19CAB5B2002EDA63 /* BigBangTests.xctest */;
			productType = "com.apple.product-type.bundle.unit-test";
		};
/* End PBXNativeTarget section */

/* Begin PBXProject section */
		650D5B1919CAB5B2002EDA63 /* Project object */ = {
			isa = PBXProject;
			attributes = {
				LastUpgradeCheck = 0600;
				ORGANIZATIONNAME = stonedong;
				TargetAttributes = {
					650D5B2019CAB5B2002EDA63 = {
						CreatedOnToolsVersion = 6.0;
					};
					650D5B3E19CAB5B2002EDA63 = {
						CreatedOnToolsVersion = 6.0;
						TestTargetID = 650D5B2019CAB5B2002EDA63;
					};
				};
			};
			buildConfigurationList = 650D5B1C19CAB5B2002EDA63 /* Build configuration list for PBXProject "BigBang" */;
			compatibilityVersion = "Xcode 3.2";
			developmentRegion = English;
			hasScannedForEncodings = 0;
			knownRegions = (
				en,
				Base,
			);
			mainGroup = 650D5B1819CAB5B2002EDA63;
			productRefGroup = 650D5B2219CAB5B2002EDA63 /* Products */;
			projectDirPath = "";
			projectRoot = "";
			targets = (
				650D5B2019CAB5B2002EDA63 /* BigBang */,
				650D5B3E19CAB5B2002EDA63 /* BigBangTests */,
			);
		};
/* End PBXProject section */

/* Begin PBXResourcesBuildPhase section */
		650D5B1F19CAB5B2002EDA63 /* Resources */ = {
			isa = PBXResourcesBuildPhase;
			buildActionMask = 2147483647;
			files = (
				650D5B3A19CAB5B2002EDA63 /* LaunchScreen.xib in Resources */,
				650D5B3719CAB5B2002EDA63 /* Images.xcassets in Resources */,
				650D5B2F19CAB5B2002EDA63 /* GameScene.sks in Resources */,
				650D5B3519CAB5B2002EDA63 /* Main.storyboard in Resources */,
			);
			runOnlyForDeploymentPostprocessing = 0;
		};
		650D5B3D19CAB5B2002EDA63 /* Resources */ = {
			isa = PBXResourcesBuildPhase;
			buildActionMask = 2147483647;
			files = (
			);
			runOnlyForDeploymentPostprocessing = 0;
		};
/* End PBXResourcesBuildPhase section */

/* Begin PBXSourcesBuildPhase section */
		650D5B1D19CAB5B2002EDA63 /* Sources */ = {
			isa = PBXSourcesBuildPhase;
			buildActionMask = 2147483647;
			files = (
				650D5B3219CAB5B2002EDA63 /* GameViewController.m in Sources */,
				650D5B2A19CAB5B2002EDA63 /* AppDelegate.m in Sources */,
				650D5B2D19CAB5B2002EDA63 /* GameScene.m in Sources */,
				650D5B2719CAB5B2002EDA63 /* main.m in Sources */,
			);
			runOnlyForDeploymentPostprocessing = 0;
		};
		650D5B3B19CAB5B2002EDA63 /* Sources */ = {
			isa = PBXSourcesBuildPhase;
			buildActionMask = 2147483647;
			files = (
				650D5B4619CAB5B2002EDA63 /* BigBangTests.m in Sources */,
			);
			runOnlyForDeploymentPostprocessing = 0;
		};
/* End PBXSourcesBuildPhase section */

/* Begin PBXTargetDependency section */
		650D5B4119CAB5B2002EDA63 /* PBXTargetDependency */ = {
			isa = PBXTargetDependency;
			target = 650D5B2019CAB5B2002EDA63 /* BigBang */;
			targetProxy = 650D5B4019CAB5B2002EDA63 /* PBXContainerItemProxy */;
		};
/* End PBXTargetDependency section */

/* Begin PBXVariantGroup section */
		650D5B3319CAB5B2002EDA63 /* Main.storyboard */ = {
			isa = PBXVariantGroup;
			children = (
				650D5B3419CAB5B2002EDA63 /* Base */,
			);
			name = Main.storyboard;
			sourceTree = "<group>";
		};
		650D5B3819CAB5B2002EDA63 /* LaunchScreen.xib */ = {
			isa = PBXVariantGroup;
			children = (
				650D5B3919CAB5B2002EDA63 /* Base */,
			);
			name = LaunchScreen.xib;
			sourceTree = "<group>";
		};
/* End PBXVariantGroup section */

/* Begin XCBuildConfiguration section */
		650D5B4719CAB5B2002EDA63 /* Debug */ = {
			isa = XCBuildConfiguration;
			buildSettings = {
				ALWAYS_SEARCH_USER_PATHS = NO;
				CLANG_CXX_LANGUAGE_STANDARD = "gnu++0x";
				CLANG_CXX_LIBRARY = "libc++";
				CLANG_ENABLE_MODULES = YES;
				CLANG_ENABLE_OBJC_ARC = YES;
				CLANG_WARN_BOOL_CONVERSION = YES;
				CLANG_WARN_CONSTANT_CONVERSION = YES;
				CLANG_WARN_DIRECT_OBJC_ISA_USAGE = YES_ERROR;
				CLANG_WARN_EMPTY_BODY = YES;
				CLANG_WARN_ENUM_CONVERSION = YES;
				CLANG_WARN_INT_CONVERSION = YES;
				CLANG_WARN_OBJC_ROOT_CLASS = YES_ERROR;
				CLANG_WARN_UNREACHABLE_CODE = YES;
				CLANG_WARN__DUPLICATE_METHOD_MATCH = YES;
				"CODE_SIGN_IDENTITY[sdk=iphoneos*]" = "iPhone Developer";
				COPY_PHASE_STRIP = NO;
				ENABLE_STRICT_OBJC_MSGSEND = YES;
				GCC_C_LANGUAGE_STANDARD = gnu99;
				GCC_DYNAMIC_NO_PIC = NO;
				GCC_OPTIMIZATION_LEVEL = 0;
				GCC_PREPROCESSOR_DEFINITIONS = (
					"DEBUG=1",
					"$(inherited)",
				);
				GCC_SYMBOLS_PRIVATE_EXTERN = NO;
				GCC_WARN_64_TO_32_BIT_CONVERSION = YES;
				GCC_WARN_ABOUT_RETURN_TYPE = YES_ERROR;
				GCC_WARN_UNDECLARED_SELECTOR = YES;
				GCC_WARN_UNINITIALIZED_AUTOS = YES_AGGRESSIVE;
				GCC_WARN_UNUSED_FUNCTION = YES;
				GCC_WARN_UNUSED_VARIABLE = YES;
				IPHONEOS_DEPLOYMENT_TARGET = 8.0;
				MTL_ENABLE_DEBUG_INFO = YES;
				ONLY_ACTIVE_ARCH = YES;
				SDKROOT = iphoneos;
			};
			name = Debug;
		};
		650D5B4819CAB5B2002EDA63 /* Release */ = {
			isa = XCBuildConfiguration;
			buildSettings = {
				ALWAYS_SEARCH_USER_PATHS = NO;
				CLANG_CXX_LANGUAGE_STANDARD = "gnu++0x";
				CLANG_CXX_LIBRARY = "libc++";
				CLANG_ENABLE_MODULES = YES;
				CLANG_ENABLE_OBJC_ARC = YES;
				CLANG_WARN_BOOL_CONVERSION = YES;
				CLANG_WARN_CONSTANT_CONVERSION = YES;
				CLANG_WARN_DIRECT_OBJC_ISA_USAGE = YES_ERROR;
				CLANG_WARN_EMPTY_BODY = YES;
				CLANG_WARN_ENUM_CONVERSION = YES;
				CLANG_WARN_INT_CONVERSION = YES;
				CLANG_WARN_OBJC_ROOT_CLASS = YES_ERROR;
				CLANG_WARN_UNREACHABLE_CODE = YES;
				CLANG_WARN__DUPLICATE_METHOD_MATCH = YES;
				"CODE_SIGN_IDENTITY[sdk=iphoneos*]" = "iPhone Developer";
				COPY_PHASE_STRIP = YES;
				ENABLE_NS_ASSERTIONS = NO;
				ENABLE_STRICT_OBJC_MSGSEND = YES;
				GCC_C_LANGUAGE_STANDARD = gnu99;
				GCC_WARN_64_TO_32_BIT_CONVERSION = YES;
				GCC_WARN_ABOUT_RETURN_TYPE = YES_ERROR;
				GCC_WARN_UNDECLARED_SELECTOR = YES;
				GCC_WARN_UNINITIALIZED_AUTOS = YES_AGGRESSIVE;
				GCC_WARN_UNUSED_FUNCTION = YES;
				GCC_WARN_UNUSED_VARIABLE = YES;
				IPHONEOS_DEPLOYMENT_TARGET = 8.0;
				MTL_ENABLE_DEBUG_INFO = NO;
				SDKROOT = iphoneos;
				VALIDATE_PRODUCT = YES;
			};
			name = Release;
		};
		650D5B4A19CAB5B2002EDA63 /* Debug */ = {
			isa = XCBuildConfiguration;
			buildSettings = {
				ASSETCATALOG_COMPILER_APPICON_NAME = AppIcon;
				INFOPLIST_FILE = BigBang/Info.plist;
				IPHONEOS_DEPLOYMENT_TARGET = 7.0;
				LD_RUNPATH_SEARCH_PATHS = "$(inherited) @executable_path/Frameworks";
				PRODUCT_NAME = "$(TARGET_NAME)";
			};
			name = Debug;
		};
		650D5B4B19CAB5B2002EDA63 /* Release */ = {
			isa = XCBuildConfiguration;
			buildSettings = {
				ASSETCATALOG_COMPILER_APPICON_NAME = AppIcon;
				INFOPLIST_FILE = BigBang/Info.plist;
				IPHONEOS_DEPLOYMENT_TARGET = 7.0;
				LD_RUNPATH_SEARCH_PATHS = "$(inherited) @executable_path/Frameworks";
				PRODUCT_NAME = "$(TARGET_NAME)";
			};
			name = Release;
		};
		650D5B4D19CAB5B2002EDA63 /* Debug */ = {
			isa = XCBuildConfiguration;
			buildSettings = {
				BUNDLE_LOADER = "$(TEST_HOST)";
				FRAMEWORK_SEARCH_PATHS = (
					"$(SDKROOT)/Developer/Library/Frameworks",
					"$(inherited)",
				);
				GCC_PREPROCESSOR_DEFINITIONS = (
					"DEBUG=1",
					"$(inherited)",
				);
				INFOPLIST_FILE = BigBangTests/Info.plist;
				LD_RUNPATH_SEARCH_PATHS = "$(inherited) @executable_path/Frameworks @loader_path/Frameworks";
				PRODUCT_NAME = "$(TARGET_NAME)";
				TEST_HOST = "$(BUILT_PRODUCTS_DIR)/BigBang.app/BigBang";
			};
			name = Debug;
		};
		650D5B4E19CAB5B2002EDA63 /* Release */ = {
			isa = XCBuildConfiguration;
			buildSettings = {
				BUNDLE_LOADER = "$(TEST_HOST)";
				FRAMEWORK_SEARCH_PATHS = (
					"$(SDKROOT)/Developer/Library/Frameworks",
					"$(inherited)",
				);
				INFOPLIST_FILE = BigBangTests/Info.plist;
				LD_RUNPATH_SEARCH_PATHS = "$(inherited) @executable_path/Frameworks @loader_path/Frameworks";
				PRODUCT_NAME = "$(TARGET_NAME)";
				TEST_HOST = "$(BUILT_PRODUCTS_DIR)/BigBang.app/BigBang";
			};
			name = Release;
		};
/* End XCBuildConfiguration section */

/* Begin XCConfigurationList section */
		650D5B1C19CAB5B2002EDA63 /* Build configuration list for PBXProject "BigBang" */ = {
			isa = XCConfigurationList;
			buildConfigurations = (
				650D5B4719CAB5B2002EDA63 /* Debug */,
				650D5B4819CAB5B2002EDA63 /* Release */,
			);
			defaultConfigurationIsVisible = 0;
			defaultConfigurationName = Release;
		};
		650D5B4919CAB5B2002EDA63 /* Build configuration list for PBXNativeTarget "BigBang" */ = {
			isa = XCConfigurationList;
			buildConfigurations = (
				650D5B4A19CAB5B2002EDA63 /* Debug */,
				650D5B4B19CAB5B2002EDA63 /* Release */,
			);
			defaultConfigurationIsVisible = 0;
		};
		650D5B4C19CAB5B2002EDA63 /* Build configuration list for PBXNativeTarget "BigBangTests" */ = {
			isa = XCConfigurationList;
			buildConfigurations = (
				650D5B4D19CAB5B2002EDA63 /* Debug */,
				650D5B4E19CAB5B2002EDA63 /* Release */,
			);
			defaultConfigurationIsVisible = 0;
		};
/* End XCConfigurationList section */
	};
	rootObject = 650D5B1919CAB5B2002EDA63 /* Project object */;
}
